
Microsoft Visual Studio Solution File, Format Version 12.00
# Visual Studio Version 17
VisualStudioVersion = 17.1.32328.378
MinimumVisualStudioVersion = 10.0.40219.1
Project("{FAE04EC0-301F-11D3-BF4B-00C04F79EFBC}") = "catalog.Core.Locating.Domain", "catalog.Core.Locating.Domain\catalog.Core.Locating.Domain.csproj", "{0FAD298E-6712-4010-AF57-77344F84DFAF}"
EndProject
Project("{2150E333-8FDC-42A3-9474-1A3956D46DE8}") = "Core", "Core", "{5AD936A5-612F-4242-97D9-2917F83CBE86}"
EndProject
Project("{2150E333-8FDC-42A3-9474-1A3956D46DE8}") = "Component", "Component", "{684FB35B-5CD6-4CE4-8AC8-501F38FAB4DF}"
EndProject
Project("{FAE04EC0-301F-11D3-BF4B-00C04F79EFBC}") = "catalog.Core.SharedKernel", "catalog.Core.SharedKernel\catalog.Core.SharedKernel.csproj", "{CE7E0347-42F0-4421-92AF-781E2078ACDC}"
EndProject
Project("{FAE04EC0-301F-11D3-BF4B-00C04F79EFBC}") = "catalog.Core.Locating.Application", "catalog.Core.Locating.Application\catalog.Core.Locating.Application.csproj", "{1865DE09-2581-4CFB-92DE-D5D2501AAF82}"
EndProject
Project("{2150E333-8FDC-42A3-9474-1A3956D46DE8}") = "Application", "Application", "{207D83A3-AA0C-4C3C-AB20-C38ABA243494}"
EndProject
Project("{2150E333-8FDC-42A3-9474-1A3956D46DE8}") = "Acl", "Acl", "{853CA48A-8421-487E-9998-9035B9F9CE88}"
EndProject
Project("{FAE04EC0-301F-11D3-BF4B-00C04F79EFBC}") = "catalog.Core.Application.Common", "catalog.Core.Application.Common\catalog.Core.Application.Common.csproj", "{8FF50FB3-C3E2-4F5F-81FD-207C8232F6E8}"
EndProject
Project("{2150E333-8FDC-42A3-9474-1A3956D46DE8}") = "UI", "UI", "{8F6043F0-C0B6-4524-AB7D-E988AAC3CE1F}"
EndProject
Project("{2150E333-8FDC-42A3-9474-1A3956D46DE8}") = "Api", "Api", "{751A536F-ABDA-49AD-806B-98AD78942E86}"
EndProject
Project("{2150E333-8FDC-42A3-9474-1A3956D46DE8}") = "Import", "Import", "{96073BF4-ED9A-4A85-A3FB-F8D1BAE2A92B}"
EndProject
Project("{2150E333-8FDC-42A3-9474-1A3956D46DE8}") = "Locating", "Locating", "{D9285433-2D37-4773-ACC1-E64A20FAE9F6}"
EndProject
Project("{2150E333-8FDC-42A3-9474-1A3956D46DE8}") = "Exchange", "Exchange", "{8568A946-7FDD-455A-8ED1-5DBF7EF6CF3B}"
EndProject
Project("{FAE04EC0-301F-11D3-BF4B-00C04F79EFBC}") = "catalog.Core.Exchange.Locating", "catalog.Core.Exchange.Locating\catalog.Core.Exchange.Locating.csproj", "{0851CBA6-70DA-40CB-9BC1-CF07CA7AB82D}"
EndProject
Project("{2150E333-8FDC-42A3-9474-1A3956D46DE8}") = "Persistence", "Persistence", "{B42E3A8D-B34D-45FD-AE08-F8EF9AEF0A7F}"
EndProject
Project("{FAE04EC0-301F-11D3-BF4B-00C04F79EFBC}") = "catalog.Persistence.DBLocating", "catalog.Persistence.DBLocating\catalog.Persistence.DBLocating.csproj", "{563CF8A9-236C-43B2-BB69-987B7FFBEE0A}"
EndProject
Project("{2150E333-8FDC-42A3-9474-1A3956D46DE8}") = "Infrastructure", "Infrastructure", "{0827B560-3A0D-44D6-831F-CDAB4CCCF2F0}"
EndProject
Project("{2150E333-8FDC-42A3-9474-1A3956D46DE8}") = "Exchange", "Exchange", "{3AC24BC2-E9F3-4A3A-9F05-5DB411695124}"
EndProject
Project("{FAE04EC0-301F-11D3-BF4B-00C04F79EFBC}") = "catalog.Infrastructure.Exchange.Locating", "catalog.Infrastructure.Exchange.Locating\catalog.Infrastructure.Exchange.Locating.csproj", "{7FF71E25-512F-4FD2-A661-01DCB2765342}"
EndProject
Project("{2150E333-8FDC-42A3-9474-1A3956D46DE8}") = "Utility", "Utility", "{4DA6F00E-4441-4900-908B-939AF9231A5D}"
EndProject
Project("{2150E333-8FDC-42A3-9474-1A3956D46DE8}") = "Test", "Test", "{92070C01-AF7C-4FBD-9EB1-4D3F0007F8AE}"
EndProject
Project("{FAE04EC0-301F-11D3-BF4B-00C04F79EFBC}") = "catalog.Infrastructure.Utility.XmlConverter", "catalog.Infrastructure.Utility.XmlConverter\catalog.Infrastructure.Utility.XmlConverter.csproj", "{4498F142-F4D3-47D1-82B1-AB7155F0BFBC}"
EndProject
Project("{FAE04EC0-301F-11D3-BF4B-00C04F79EFBC}") = "catalog.Test.Infrastructure.Utility.XmlConverter", "catalog.Test.Infrastructure.Utility.XmlConverter\catalog.Test.Infrastructure.Utility.XmlConverter.csproj", "{2CF6B436-8B1D-4B39-9301-D6FC7E92F4FE}"
EndProject
Project("{FAE04EC0-301F-11D3-BF4B-00C04F79EFBC}") = "catalog.Test.Core.Locating.Application", "catalog.Test.Core.Locating.Application\catalog.Test.Core.Locating.Application.csproj", "{95863412-1591-4F9D-9F4F-91C339C6651E}"
EndProject
Project("{2150E333-8FDC-42A3-9474-1A3956D46DE8}") = "Application", "Application", "{34C58D0D-6F66-4B0B-98FF-BACE656D8D9D}"
EndProject
Project("{FAE04EC0-301F-11D3-BF4B-00C04F79EFBC}") = "catalog.Infrastructure.Cache", "catalog.Infrastructure.Cache\catalog.Infrastructure.Cache.csproj", "{CDDE56E7-76A6-416B-850E-9342D8B4A8D8}"
EndProject
Project("{FAE04EC0-301F-11D3-BF4B-00C04F79EFBC}") = "catalog.Infrastructure.IO", "catalog.Infrastructure.IO\catalog.Infrastructure.IO.csproj", "{6683D8CD-D6A6-4B11-92D8-AE26AF47EAF5}"
EndProject
Project("{FAE04EC0-301F-11D3-BF4B-00C04F79EFBC}") = "catalog.Infrastructure.Library.Extensions", "catalog.Infrastructure.Library.Extensions\catalog.Infrastructure.Library.Extensions.csproj", "{B1202CF5-C4B0-47CC-AEF2-839AF4365ACF}"
EndProject
Project("{2150E333-8FDC-42A3-9474-1A3956D46DE8}") = "Library", "Library", "{533C1139-7C7E-4C95-A26D-E161E529F930}"
EndProject
Project("{FAE04EC0-301F-11D3-BF4B-00C04F79EFBC}") = "catalog.Infrastructure.Utility.FileSystem", "catalog.Infrastructure.Utility.FileSystem\catalog.Infrastructure.Utility.FileSystem.csproj", "{401D7EB5-EF29-4DE1-8B01-4649C72ED274}"
EndProject
Project("{FAE04EC0-301F-11D3-BF4B-00C04F79EFBC}") = "catalog.Core.Acl.Locating", "catalog.Core.Acl.Locating\catalog.Core.Acl.Locating.csproj", "{2D693AE2-C8F9-475D-A2E4-C0A8D36657FD}"
EndProject
Project("{FAE04EC0-301F-11D3-BF4B-00C04F79EFBC}") = "catalog.UI.LocatingImportWorker", "catalog.UI.LocatingImportWorker\catalog.UI.LocatingImportWorker.csproj", "{8CD4D502-550C-42A7-B763-368457C5DE14}"
EndProject
Project("{FAE04EC0-301F-11D3-BF4B-00C04F79EFBC}") = "catalog.UI.api.Locating", "catalog.UI.api.Locating\catalog.UI.api.Locating.csproj", "{006F6563-6F9D-4374-A1E6-67D62E3D3AE0}"
EndProject
Global
	GlobalSection(SolutionConfigurationPlatforms) = preSolution
		Debug|Any CPU = Debug|Any CPU
		Release|Any CPU = Release|Any CPU
	EndGlobalSection
	GlobalSection(ProjectConfigurationPlatforms) = postSolution
		{0FAD298E-6712-4010-AF57-77344F84DFAF}.Debug|Any CPU.ActiveCfg = Debug|Any CPU
		{0FAD298E-6712-4010-AF57-77344F84DFAF}.Debug|Any CPU.Build.0 = Debug|Any CPU
		{0FAD298E-6712-4010-AF57-77344F84DFAF}.Release|Any CPU.ActiveCfg = Release|Any CPU
		{0FAD298E-6712-4010-AF57-77344F84DFAF}.Release|Any CPU.Build.0 = Release|Any CPU
		{CE7E0347-42F0-4421-92AF-781E2078ACDC}.Debug|Any CPU.ActiveCfg = Debug|Any CPU
		{CE7E0347-42F0-4421-92AF-781E2078ACDC}.Debug|Any CPU.Build.0 = Debug|Any CPU
		{CE7E0347-42F0-4421-92AF-781E2078ACDC}.Release|Any CPU.ActiveCfg = Release|Any CPU
		{CE7E0347-42F0-4421-92AF-781E2078ACDC}.Release|Any CPU.Build.0 = Release|Any CPU
		{1865DE09-2581-4CFB-92DE-D5D2501AAF82}.Debug|Any CPU.ActiveCfg = Debug|Any CPU
		{1865DE09-2581-4CFB-92DE-D5D2501AAF82}.Debug|Any CPU.Build.0 = Debug|Any CPU
		{1865DE09-2581-4CFB-92DE-D5D2501AAF82}.Release|Any CPU.ActiveCfg = Release|Any CPU
		{1865DE09-2581-4CFB-92DE-D5D2501AAF82}.Release|Any CPU.Build.0 = Release|Any CPU
		{8FF50FB3-C3E2-4F5F-81FD-207C8232F6E8}.Debug|Any CPU.ActiveCfg = Debug|Any CPU
		{8FF50FB3-C3E2-4F5F-81FD-207C8232F6E8}.Debug|Any CPU.Build.0 = Debug|Any CPU
		{8FF50FB3-C3E2-4F5F-81FD-207C8232F6E8}.Release|Any CPU.ActiveCfg = Release|Any CPU
		{8FF50FB3-C3E2-4F5F-81FD-207C8232F6E8}.Release|Any CPU.Build.0 = Release|Any CPU
		{0851CBA6-70DA-40CB-9BC1-CF07CA7AB82D}.Debug|Any CPU.ActiveCfg = Debug|Any CPU
		{0851CBA6-70DA-40CB-9BC1-CF07CA7AB82D}.Debug|Any CPU.Build.0 = Debug|Any CPU
		{0851CBA6-70DA-40CB-9BC1-CF07CA7AB82D}.Release|Any CPU.ActiveCfg = Release|Any CPU
		{0851CBA6-70DA-40CB-9BC1-CF07CA7AB82D}.Release|Any CPU.Build.0 = Release|Any CPU
		{563CF8A9-236C-43B2-BB69-987B7FFBEE0A}.Debug|Any CPU.ActiveCfg = Debug|Any CPU
		{563CF8A9-236C-43B2-BB69-987B7FFBEE0A}.Debug|Any CPU.Build.0 = Debug|Any CPU
		{563CF8A9-236C-43B2-BB69-987B7FFBEE0A}.Release|Any CPU.ActiveCfg = Release|Any CPU
		{563CF8A9-236C-43B2-BB69-987B7FFBEE0A}.Release|Any CPU.Build.0 = Release|Any CPU
		{7FF71E25-512F-4FD2-A661-01DCB2765342}.Debug|Any CPU.ActiveCfg = Debug|Any CPU
		{7FF71E25-512F-4FD2-A661-01DCB2765342}.Debug|Any CPU.Build.0 = Debug|Any CPU
		{7FF71E25-512F-4FD2-A661-01DCB2765342}.Release|Any CPU.ActiveCfg = Release|Any CPU
		{7FF71E25-512F-4FD2-A661-01DCB2765342}.Release|Any CPU.Build.0 = Release|Any CPU
		{4498F142-F4D3-47D1-82B1-AB7155F0BFBC}.Debug|Any CPU.ActiveCfg = Debug|Any CPU
		{4498F142-F4D3-47D1-82B1-AB7155F0BFBC}.Debug|Any CPU.Build.0 = Debug|Any CPU
		{4498F142-F4D3-47D1-82B1-AB7155F0BFBC}.Release|Any CPU.ActiveCfg = Release|Any CPU
		{4498F142-F4D3-47D1-82B1-AB7155F0BFBC}.Release|Any CPU.Build.0 = Release|Any CPU
		{2CF6B436-8B1D-4B39-9301-D6FC7E92F4FE}.Debug|Any CPU.ActiveCfg = Debug|Any CPU
		{2CF6B436-8B1D-4B39-9301-D6FC7E92F4FE}.Debug|Any CPU.Build.0 = Debug|Any CPU
		{2CF6B436-8B1D-4B39-9301-D6FC7E92F4FE}.Release|Any CPU.ActiveCfg = Release|Any CPU
		{2CF6B436-8B1D-4B39-9301-D6FC7E92F4FE}.Release|Any CPU.Build.0 = Release|Any CPU
		{95863412-1591-4F9D-9F4F-91C339C6651E}.Debug|Any CPU.ActiveCfg = Debug|Any CPU
		{95863412-1591-4F9D-9F4F-91C339C6651E}.Debug|Any CPU.Build.0 = Debug|Any CPU
		{95863412-1591-4F9D-9F4F-91C339C6651E}.Release|Any CPU.ActiveCfg = Release|Any CPU
		{95863412-1591-4F9D-9F4F-91C339C6651E}.Release|Any CPU.Build.0 = Release|Any CPU
		{CDDE56E7-76A6-416B-850E-9342D8B4A8D8}.Debug|Any CPU.ActiveCfg = Debug|Any CPU
		{CDDE56E7-76A6-416B-850E-9342D8B4A8D8}.Debug|Any CPU.Build.0 = Debug|Any CPU
		{CDDE56E7-76A6-416B-850E-9342D8B4A8D8}.Release|Any CPU.ActiveCfg = Release|Any CPU
		{CDDE56E7-76A6-416B-850E-9342D8B4A8D8}.Release|Any CPU.Build.0 = Release|Any CPU
		{6683D8CD-D6A6-4B11-92D8-AE26AF47EAF5}.Debug|Any CPU.ActiveCfg = Debug|Any CPU
		{6683D8CD-D6A6-4B11-92D8-AE26AF47EAF5}.Debug|Any CPU.Build.0 = Debug|Any CPU
		{6683D8CD-D6A6-4B11-92D8-AE26AF47EAF5}.Release|Any CPU.ActiveCfg = Release|Any CPU
		{6683D8CD-D6A6-4B11-92D8-AE26AF47EAF5}.Release|Any CPU.Build.0 = Release|Any CPU
		{B1202CF5-C4B0-47CC-AEF2-839AF4365ACF}.Debug|Any CPU.ActiveCfg = Debug|Any CPU
		{B1202CF5-C4B0-47CC-AEF2-839AF4365ACF}.Debug|Any CPU.Build.0 = Debug|Any CPU
		{B1202CF5-C4B0-47CC-AEF2-839AF4365ACF}.Release|Any CPU.ActiveCfg = Release|Any CPU
		{B1202CF5-C4B0-47CC-AEF2-839AF4365ACF}.Release|Any CPU.Build.0 = Release|Any CPU
		{401D7EB5-EF29-4DE1-8B01-4649C72ED274}.Debug|Any CPU.ActiveCfg = Debug|Any CPU
		{401D7EB5-EF29-4DE1-8B01-4649C72ED274}.Debug|Any CPU.Build.0 = Debug|Any CPU
		{401D7EB5-EF29-4DE1-8B01-4649C72ED274}.Release|Any CPU.ActiveCfg = Release|Any CPU
		{401D7EB5-EF29-4DE1-8B01-4649C72ED274}.Release|Any CPU.Build.0 = Release|Any CPU
		{2D693AE2-C8F9-475D-A2E4-C0A8D36657FD}.Debug|Any CPU.ActiveCfg = Debug|Any CPU
		{2D693AE2-C8F9-475D-A2E4-C0A8D36657FD}.Debug|Any CPU.Build.0 = Debug|Any CPU
		{2D693AE2-C8F9-475D-A2E4-C0A8D36657FD}.Release|Any CPU.ActiveCfg = Release|Any CPU
		{2D693AE2-C8F9-475D-A2E4-C0A8D36657FD}.Release|Any CPU.Build.0 = Release|Any CPU
		{8CD4D502-550C-42A7-B763-368457C5DE14}.Debug|Any CPU.ActiveCfg = Debug|Any CPU
		{8CD4D502-550C-42A7-B763-368457C5DE14}.Debug|Any CPU.Build.0 = Debug|Any CPU
		{8CD4D502-550C-42A7-B763-368457C5DE14}.Release|Any CPU.ActiveCfg = Release|Any CPU
		{8CD4D502-550C-42A7-B763-368457C5DE14}.Release|Any CPU.Build.0 = Release|Any CPU
		{006F6563-6F9D-4374-A1E6-67D62E3D3AE0}.Debug|Any CPU.ActiveCfg = Debug|Any CPU
		{006F6563-6F9D-4374-A1E6-67D62E3D3AE0}.Debug|Any CPU.Build.0 = Debug|Any CPU
		{006F6563-6F9D-4374-A1E6-67D62E3D3AE0}.Release|Any CPU.ActiveCfg = Release|Any CPU
		{006F6563-6F9D-4374-A1E6-67D62E3D3AE0}.Release|Any CPU.Build.0 = Release|Any CPU
	EndGlobalSection
	GlobalSection(SolutionProperties) = preSolution
		HideSolutionNode = FALSE
	EndGlobalSection
	GlobalSection(NestedProjects) = preSolution
		{0FAD298E-6712-4010-AF57-77344F84DFAF} = {D9285433-2D37-4773-ACC1-E64A20FAE9F6}
		{684FB35B-5CD6-4CE4-8AC8-501F38FAB4DF} = {5AD936A5-612F-4242-97D9-2917F83CBE86}
		{CE7E0347-42F0-4421-92AF-781E2078ACDC} = {5AD936A5-612F-4242-97D9-2917F83CBE86}
		{1865DE09-2581-4CFB-92DE-D5D2501AAF82} = {D9285433-2D37-4773-ACC1-E64A20FAE9F6}
		{207D83A3-AA0C-4C3C-AB20-C38ABA243494} = {5AD936A5-612F-4242-97D9-2917F83CBE86}
		{853CA48A-8421-487E-9998-9035B9F9CE88} = {207D83A3-AA0C-4C3C-AB20-C38ABA243494}
		{8FF50FB3-C3E2-4F5F-81FD-207C8232F6E8} = {207D83A3-AA0C-4C3C-AB20-C38ABA243494}
		{751A536F-ABDA-49AD-806B-98AD78942E86} = {8F6043F0-C0B6-4524-AB7D-E988AAC3CE1F}
		{96073BF4-ED9A-4A85-A3FB-F8D1BAE2A92B} = {8F6043F0-C0B6-4524-AB7D-E988AAC3CE1F}
		{D9285433-2D37-4773-ACC1-E64A20FAE9F6} = {684FB35B-5CD6-4CE4-8AC8-501F38FAB4DF}
		{8568A946-7FDD-455A-8ED1-5DBF7EF6CF3B} = {684FB35B-5CD6-4CE4-8AC8-501F38FAB4DF}
		{0851CBA6-70DA-40CB-9BC1-CF07CA7AB82D} = {8568A946-7FDD-455A-8ED1-5DBF7EF6CF3B}
		{B42E3A8D-B34D-45FD-AE08-F8EF9AEF0A7F} = {0827B560-3A0D-44D6-831F-CDAB4CCCF2F0}
		{563CF8A9-236C-43B2-BB69-987B7FFBEE0A} = {B42E3A8D-B34D-45FD-AE08-F8EF9AEF0A7F}
		{3AC24BC2-E9F3-4A3A-9F05-5DB411695124} = {0827B560-3A0D-44D6-831F-CDAB4CCCF2F0}
		{7FF71E25-512F-4FD2-A661-01DCB2765342} = {3AC24BC2-E9F3-4A3A-9F05-5DB411695124}
		{4DA6F00E-4441-4900-908B-939AF9231A5D} = {0827B560-3A0D-44D6-831F-CDAB4CCCF2F0}
		{4498F142-F4D3-47D1-82B1-AB7155F0BFBC} = {4DA6F00E-4441-4900-908B-939AF9231A5D}
		{2CF6B436-8B1D-4B39-9301-D6FC7E92F4FE} = {92070C01-AF7C-4FBD-9EB1-4D3F0007F8AE}
		{95863412-1591-4F9D-9F4F-91C339C6651E} = {92070C01-AF7C-4FBD-9EB1-4D3F0007F8AE}
		{34C58D0D-6F66-4B0B-98FF-BACE656D8D9D} = {0827B560-3A0D-44D6-831F-CDAB4CCCF2F0}
		{CDDE56E7-76A6-416B-850E-9342D8B4A8D8} = {34C58D0D-6F66-4B0B-98FF-BACE656D8D9D}
		{6683D8CD-D6A6-4B11-92D8-AE26AF47EAF5} = {34C58D0D-6F66-4B0B-98FF-BACE656D8D9D}
		{B1202CF5-C4B0-47CC-AEF2-839AF4365ACF} = {533C1139-7C7E-4C95-A26D-E161E529F930}
		{533C1139-7C7E-4C95-A26D-E161E529F930} = {0827B560-3A0D-44D6-831F-CDAB4CCCF2F0}
		{401D7EB5-EF29-4DE1-8B01-4649C72ED274} = {4DA6F00E-4441-4900-908B-939AF9231A5D}
		{2D693AE2-C8F9-475D-A2E4-C0A8D36657FD} = {853CA48A-8421-487E-9998-9035B9F9CE88}
		{8CD4D502-550C-42A7-B763-368457C5DE14} = {96073BF4-ED9A-4A85-A3FB-F8D1BAE2A92B}
		{006F6563-6F9D-4374-A1E6-67D62E3D3AE0} = {751A536F-ABDA-49AD-806B-98AD78942E86}
	EndGlobalSection
	GlobalSection(ExtensibilityGlobals) = postSolution
		SolutionGuid = {16C27E58-92B1-43AE-834E-285F74A6B14C}
	EndGlobalSection
EndGlobal
